
Microsoft Visual Studio Solution File, Format Version 12.00
# Visual Studio Version 16
VisualStudioVersion = 16.0.31624.102
MinimumVisualStudioVersion = 10.0.40219.1
Project("{9A19103F-16F7-4668-BE54-9A1E7A4F7556}") = "SwiftUI.Postsharp.Attributes", "SwiftUI.Postsharp.Attributes\SwiftUI.Postsharp.Attributes.csproj", "{1673F8E4-1A32-4FB7-A08B-164F15C294B2}"
EndProject
Project("{9A19103F-16F7-4668-BE54-9A1E7A4F7556}") = "SwiftUI.Postsharp.Weaver", "SwiftUI.Postsharp.Weaver\SwiftUI.Postsharp.Weaver.csproj", "{605C67B1-7E99-4E95-A9E3-5B8620400F30}"
EndProject
Project("{9A19103F-16F7-4668-BE54-9A1E7A4F7556}") = "SwiftUI.Postsharp.WeaverTest", "SwiftUI.Postsharp.WeaverTest\SwiftUI.Postsharp.WeaverTest.csproj", "{26728126-86DC-4219-A3DD-BDC9ABA59C6B}"
EndProject
Global
	GlobalSection(SolutionConfigurationPlatforms) = preSolution
		Debug|Any CPU = Debug|Any CPU
		Release|Any CPU = Release|Any CPU
	EndGlobalSection
	GlobalSection(ProjectConfigurationPlatforms) = postSolution
		{1673F8E4-1A32-4FB7-A08B-164F15C294B2}.Debug|Any CPU.ActiveCfg = Debug|Any CPU
		{1673F8E4-1A32-4FB7-A08B-164F15C294B2}.Debug|Any CPU.Build.0 = Debug|Any CPU
		{1673F8E4-1A32-4FB7-A08B-164F15C294B2}.Release|Any CPU.ActiveCfg = Release|Any CPU
		{1673F8E4-1A32-4FB7-A08B-164F15C294B2}.Release|Any CPU.Build.0 = Release|Any CPU
		{605C67B1-7E99-4E95-A9E3-5B8620400F30}.Debug|Any CPU.ActiveCfg = Debug|Any CPU
		{605C67B1-7E99-4E95-A9E3-5B8620400F30}.Debug|Any CPU.Build.0 = Debug|Any CPU
		{605C67B1-7E99-4E95-A9E3-5B8620400F30}.Release|Any CPU.ActiveCfg = Release|Any CPU
		{605C67B1-7E99-4E95-A9E3-5B8620400F30}.Release|Any CPU.Build.0 = Release|Any CPU
		{26728126-86DC-4219-A3DD-BDC9ABA59C6B}.Debug|Any CPU.ActiveCfg = Debug|Any CPU
		{26728126-86DC-4219-A3DD-BDC9ABA59C6B}.Debug|Any CPU.Build.0 = Debug|Any CPU
		{26728126-86DC-4219-A3DD-BDC9ABA59C6B}.Release|Any CPU.ActiveCfg = Release|Any CPU
		{26728126-86DC-4219-A3DD-BDC9ABA59C6B}.Release|Any CPU.Build.0 = Release|Any CPU
	EndGlobalSection
	GlobalSection(SolutionProperties) = preSolution
		HideSolutionNode = FALSE
	EndGlobalSection
	GlobalSection(ExtensibilityGlobals) = postSolution
		SolutionGuid = {A3C29FB8-225F-44A5-81DA-025AB9CAF7FD}
	EndGlobalSection
EndGlobal
